
Microsoft Visual Studio Solution File, Format Version 12.00
Project("{FAE04EC0-301F-11D3-BF4B-00C04F79EFBC}") = "SuggestionsAppUI", "SuggestionsAppUI\SuggestionsAppUI.csproj", "{1C692FE3-B5CD-49BD-8F70-80CF08541BAE}"
EndProject
Project("{FAE04EC0-301F-11D3-BF4B-00C04F79EFBC}") = "SuggestionAppLibrary", "SuggestionAppLibrary\SuggestionAppLibrary.csproj", "{FB9926B9-2497-4B93-BB4C-939BED81CAB3}"
EndProject
Global
	GlobalSection(SolutionConfigurationPlatforms) = preSolution
		Debug|Any CPU = Debug|Any CPU
		Release|Any CPU = Release|Any CPU
	EndGlobalSection
	GlobalSection(ProjectConfigurationPlatforms) = postSolution
		{1C692FE3-B5CD-49BD-8F70-80CF08541BAE}.Debug|Any CPU.ActiveCfg = Debug|Any CPU
		{1C692FE3-B5CD-49BD-8F70-80CF08541BAE}.Debug|Any CPU.Build.0 = Debug|Any CPU
		{1C692FE3-B5CD-49BD-8F70-80CF08541BAE}.Release|Any CPU.ActiveCfg = Release|Any CPU
		{1C692FE3-B5CD-49BD-8F70-80CF08541BAE}.Release|Any CPU.Build.0 = Release|Any CPU
		{FB9926B9-2497-4B93-BB4C-939BED81CAB3}.Debug|Any CPU.ActiveCfg = Debug|Any CPU
		{FB9926B9-2497-4B93-BB4C-939BED81CAB3}.Debug|Any CPU.Build.0 = Debug|Any CPU
		{FB9926B9-2497-4B93-BB4C-939BED81CAB3}.Release|Any CPU.ActiveCfg = Release|Any CPU
		{FB9926B9-2497-4B93-BB4C-939BED81CAB3}.Release|Any CPU.Build.0 = Release|Any CPU
	EndGlobalSection
EndGlobal
